
Microsoft Visual Studio Solution File, Format Version 12.00
# Visual Studio 2015
Project("{FAE04EC0-301F-11D3-BF4B-00C04F79EFBC}") = "PowerLess.CSharp", "PowerLess.CSharp.csproj", "{58F362F3-6D37-F55A-CD89-DA1D2E183E6E}"
EndProject
Global
	GlobalSection(SolutionConfigurationPlatforms) = preSolution
		Debug|Any CPU = Debug|Any CPU
		Release|Any CPU = Release|Any CPU
	EndGlobalSection
	GlobalSection(ProjectConfigurationPlatforms) = postSolution
		{58F362F3-6D37-F55A-CD89-DA1D2E183E6E}.Debug|Any CPU.ActiveCfg = Debug|Any CPU
		{58F362F3-6D37-F55A-CD89-DA1D2E183E6E}.Debug|Any CPU.Build.0 = Debug|Any CPU
		{58F362F3-6D37-F55A-CD89-DA1D2E183E6E}.Release|Any CPU.ActiveCfg = Release|Any CPU
		{58F362F3-6D37-F55A-CD89-DA1D2E183E6E}.Release|Any CPU.Build.0 = Release|Any CPU
	EndGlobalSection
	GlobalSection(SolutionProperties) = preSolution
		HideSolutionNode = FALSE
	EndGlobalSection
EndGlobal
